
Microsoft Visual Studio Solution File, Format Version 12.00
# Visual Studio Version 17
VisualStudioVersion = 17.6.33829.357
MinimumVisualStudioVersion = 10.0.40219.1
Project("{FAE04EC0-301F-11D3-BF4B-00C04F79EFBC}") = "Optimum_API", "Optimum_API\Optimum_API.csproj", "{FF529592-F379-4A16-981E-537B99F0AE94}"
EndProject
Global
	GlobalSection(SolutionConfigurationPlatforms) = preSolution
		Debug|Any CPU = Debug|Any CPU
		Release|Any CPU = Release|Any CPU
	EndGlobalSection
	GlobalSection(ProjectConfigurationPlatforms) = postSolution
		{FF529592-F379-4A16-981E-537B99F0AE94}.Debug|Any CPU.ActiveCfg = Debug|Any CPU
		{FF529592-F379-4A16-981E-537B99F0AE94}.Debug|Any CPU.Build.0 = Debug|Any CPU
		{FF529592-F379-4A16-981E-537B99F0AE94}.Release|Any CPU.ActiveCfg = Release|Any CPU
		{FF529592-F379-4A16-981E-537B99F0AE94}.Release|Any CPU.Build.0 = Release|Any CPU
	EndGlobalSection
	GlobalSection(SolutionProperties) = preSolution
		HideSolutionNode = FALSE
	EndGlobalSection
	GlobalSection(ExtensibilityGlobals) = postSolution
		SolutionGuid = {7E058C0E-09F0-45BA-912B-2105306D6C49}
	EndGlobalSection
EndGlobal
